
Microsoft Visual Studio Solution File, Format Version 12.00
# Visual Studio 15
Project("{FAE04EC0-301F-11D3-BF4B-00C04F79EFBC}") = "PlutoRover", "PlutoRover\PlutoRover.csproj", "{E5E81A6E-BBBE-4AF8-B919-D878AF5ADD0D}"
EndProject
Project("{FAE04EC0-301F-11D3-BF4B-00C04F79EFBC}") = "PlutoRover.Tests", "PlutoRover.Tests\PlutoRover.Tests.csproj", "{8F48F970-DE4D-499A-AB66-EA5FF18B7B21}"
EndProject
Project("{FAE04EC0-301F-11D3-BF4B-00C04F79EFBC}") = "PlutoRover.API", "PlutoRover.API\PlutoRover.API.csproj", "{29EE58FD-85CB-460A-916D-B9F3A954CAC4}"
EndProject
Project("{FAE04EC0-301F-11D3-BF4B-00C04F79EFBC}") = "PlutoRover.API.Tests", "PlutoRover.API.Tests\PlutoRover.API.Tests.csproj", "{2F2FC70D-E5FB-4CFC-8F04-34D44F95F3A1}"
EndProject
Global
	GlobalSection(SolutionConfigurationPlatforms) = preSolution
		Debug|Any CPU = Debug|Any CPU
		Release|Any CPU = Release|Any CPU
	EndGlobalSection
	GlobalSection(ProjectConfigurationPlatforms) = postSolution
		{E5E81A6E-BBBE-4AF8-B919-D878AF5ADD0D}.Debug|Any CPU.ActiveCfg = Debug|Any CPU
		{E5E81A6E-BBBE-4AF8-B919-D878AF5ADD0D}.Debug|Any CPU.Build.0 = Debug|Any CPU
		{E5E81A6E-BBBE-4AF8-B919-D878AF5ADD0D}.Release|Any CPU.ActiveCfg = Release|Any CPU
		{E5E81A6E-BBBE-4AF8-B919-D878AF5ADD0D}.Release|Any CPU.Build.0 = Release|Any CPU
		{8F48F970-DE4D-499A-AB66-EA5FF18B7B21}.Debug|Any CPU.ActiveCfg = Debug|Any CPU
		{8F48F970-DE4D-499A-AB66-EA5FF18B7B21}.Debug|Any CPU.Build.0 = Debug|Any CPU
		{8F48F970-DE4D-499A-AB66-EA5FF18B7B21}.Release|Any CPU.ActiveCfg = Release|Any CPU
		{8F48F970-DE4D-499A-AB66-EA5FF18B7B21}.Release|Any CPU.Build.0 = Release|Any CPU
		{29EE58FD-85CB-460A-916D-B9F3A954CAC4}.Debug|Any CPU.ActiveCfg = Debug|Any CPU
		{29EE58FD-85CB-460A-916D-B9F3A954CAC4}.Debug|Any CPU.Build.0 = Debug|Any CPU
		{29EE58FD-85CB-460A-916D-B9F3A954CAC4}.Release|Any CPU.ActiveCfg = Release|Any CPU
		{29EE58FD-85CB-460A-916D-B9F3A954CAC4}.Release|Any CPU.Build.0 = Release|Any CPU
		{2F2FC70D-E5FB-4CFC-8F04-34D44F95F3A1}.Debug|Any CPU.ActiveCfg = Debug|Any CPU
		{2F2FC70D-E5FB-4CFC-8F04-34D44F95F3A1}.Debug|Any CPU.Build.0 = Debug|Any CPU
		{2F2FC70D-E5FB-4CFC-8F04-34D44F95F3A1}.Release|Any CPU.ActiveCfg = Release|Any CPU
		{2F2FC70D-E5FB-4CFC-8F04-34D44F95F3A1}.Release|Any CPU.Build.0 = Release|Any CPU
	EndGlobalSection
EndGlobal
